
Microsoft Visual Studio Solution File, Format Version 12.00
# Visual Studio Version 16
VisualStudioVersion = 16.0.29728.190
MinimumVisualStudioVersion = 10.0.40219.1
Project("{9A19103F-16F7-4668-BE54-9A1E7A4F7556}") = "TranslatorLibrary", "TranslatorLibrary\TranslatorLibrary.csproj", "{4931E6E5-5D90-4259-B5FB-60E0664F2855}"
EndProject
Project("{9A19103F-16F7-4668-BE54-9A1E7A4F7556}") = "TranslatorConsole", "TranslatorConsole\TranslatorConsole.csproj", "{5DBD1322-9306-49EF-A27B-66357F6CD226}"
	ProjectSection(ProjectDependencies) = postProject
		{4931E6E5-5D90-4259-B5FB-60E0664F2855} = {4931E6E5-5D90-4259-B5FB-60E0664F2855}
	EndProjectSection
EndProject
Global
	GlobalSection(SolutionConfigurationPlatforms) = preSolution
		Debug|Any CPU = Debug|Any CPU
		Release|Any CPU = Release|Any CPU
	EndGlobalSection
	GlobalSection(ProjectConfigurationPlatforms) = postSolution
		{4931E6E5-5D90-4259-B5FB-60E0664F2855}.Debug|Any CPU.ActiveCfg = Debug|Any CPU
		{4931E6E5-5D90-4259-B5FB-60E0664F2855}.Debug|Any CPU.Build.0 = Debug|Any CPU
		{4931E6E5-5D90-4259-B5FB-60E0664F2855}.Release|Any CPU.ActiveCfg = Release|Any CPU
		{4931E6E5-5D90-4259-B5FB-60E0664F2855}.Release|Any CPU.Build.0 = Release|Any CPU
		{5DBD1322-9306-49EF-A27B-66357F6CD226}.Debug|Any CPU.ActiveCfg = Debug|Any CPU
		{5DBD1322-9306-49EF-A27B-66357F6CD226}.Debug|Any CPU.Build.0 = Debug|Any CPU
		{5DBD1322-9306-49EF-A27B-66357F6CD226}.Release|Any CPU.ActiveCfg = Release|Any CPU
		{5DBD1322-9306-49EF-A27B-66357F6CD226}.Release|Any CPU.Build.0 = Release|Any CPU
	EndGlobalSection
	GlobalSection(SolutionProperties) = preSolution
		HideSolutionNode = FALSE
	EndGlobalSection
	GlobalSection(ExtensibilityGlobals) = postSolution
		SolutionGuid = {C955CC8C-6960-4E36-8F11-BC0F18DB82EB}
	EndGlobalSection
EndGlobal
